
Microsoft Visual Studio Solution File, Format Version 12.00
# Visual Studio 14
VisualStudioVersion = 14.0.25420.1
MinimumVisualStudioVersion = 10.0.40219.1
Project("{F184B08F-C81C-45F6-A57F-5ABD9991F28F}") = "Profesor", "Profesor\Profesor.vbproj", "{BA58994C-BE1D-4FD2-A756-833102A69E82}"
EndProject
Project("{F184B08F-C81C-45F6-A57F-5ABD9991F28F}") = "DAL", "DAL\DAL.vbproj", "{7D4A4C1B-578E-4388-A541-B9BD3C9ACAA3}"
EndProject
Project("{F184B08F-C81C-45F6-A57F-5ABD9991F28F}") = "BLL", "BLL\BLL.vbproj", "{800BE395-BBD6-4239-9ABE-7710EB7454EC}"
EndProject
Project("{F184B08F-C81C-45F6-A57F-5ABD9991F28F}") = "Validator", "Validator\Validator.vbproj", "{C303DC80-53AE-4ADF-8901-333E811D4A12}"
EndProject
Project("{F184B08F-C81C-45F6-A57F-5ABD9991F28F}") = "Framework2017", "Framework2017\Framework2017.vbproj", "{8FE2ABCE-E585-4FF3-9DE3-2CD76FD7EACB}"
EndProject
Project("{00D1A9C2-B5F0-4AF3-8072-F6C62B433612}") = "BaseDatos", "BaseDatos\BaseDatos.sqlproj", "{847803E8-062E-4B81-9534-0FAC2253BF79}"
EndProject
Project("{2150E333-8FDC-42A3-9474-1A3956D46DE8}") = "Aula", "Aula", "{E86A7146-A49A-4E95-B49C-4D8E6F03A196}"
EndProject
Project("{2150E333-8FDC-42A3-9474-1A3956D46DE8}") = "Servicio", "Servicio", "{D40D391D-12BC-40B0-9393-076930FDA1C1}"
EndProject
Project("{F184B08F-C81C-45F6-A57F-5ABD9991F28F}") = "SAL", "SAL\SAL.vbproj", "{D2590CD0-AEEC-47B3-A23D-4BA3E31EC0CA}"
EndProject
Project("{F184B08F-C81C-45F6-A57F-5ABD9991F28F}") = "UnitTestProject", "UnitTestProject\UnitTestProject.vbproj", "{14C59E87-0B5D-4615-8CB0-965176159690}"
EndProject
Global
	GlobalSection(SolutionConfigurationPlatforms) = preSolution
		CD_ROM|Any CPU = CD_ROM|Any CPU
		Debug|Any CPU = Debug|Any CPU
		DVD-5|Any CPU = DVD-5|Any CPU
		Release|Any CPU = Release|Any CPU
		SingleImage|Any CPU = SingleImage|Any CPU
	EndGlobalSection
	GlobalSection(ProjectConfigurationPlatforms) = postSolution
		{BA58994C-BE1D-4FD2-A756-833102A69E82}.CD_ROM|Any CPU.ActiveCfg = Release|Any CPU
		{BA58994C-BE1D-4FD2-A756-833102A69E82}.CD_ROM|Any CPU.Build.0 = Release|Any CPU
		{BA58994C-BE1D-4FD2-A756-833102A69E82}.Debug|Any CPU.ActiveCfg = Debug|Any CPU
		{BA58994C-BE1D-4FD2-A756-833102A69E82}.Debug|Any CPU.Build.0 = Debug|Any CPU
		{BA58994C-BE1D-4FD2-A756-833102A69E82}.DVD-5|Any CPU.ActiveCfg = Debug|Any CPU
		{BA58994C-BE1D-4FD2-A756-833102A69E82}.DVD-5|Any CPU.Build.0 = Debug|Any CPU
		{BA58994C-BE1D-4FD2-A756-833102A69E82}.Release|Any CPU.ActiveCfg = Release|Any CPU
		{BA58994C-BE1D-4FD2-A756-833102A69E82}.Release|Any CPU.Build.0 = Release|Any CPU
		{BA58994C-BE1D-4FD2-A756-833102A69E82}.SingleImage|Any CPU.ActiveCfg = Release|Any CPU
		{BA58994C-BE1D-4FD2-A756-833102A69E82}.SingleImage|Any CPU.Build.0 = Release|Any CPU
		{7D4A4C1B-578E-4388-A541-B9BD3C9ACAA3}.CD_ROM|Any CPU.ActiveCfg = Release|Any CPU
		{7D4A4C1B-578E-4388-A541-B9BD3C9ACAA3}.CD_ROM|Any CPU.Build.0 = Release|Any CPU
		{7D4A4C1B-578E-4388-A541-B9BD3C9ACAA3}.Debug|Any CPU.ActiveCfg = Debug|Any CPU
		{7D4A4C1B-578E-4388-A541-B9BD3C9ACAA3}.Debug|Any CPU.Build.0 = Debug|Any CPU
		{7D4A4C1B-578E-4388-A541-B9BD3C9ACAA3}.DVD-5|Any CPU.ActiveCfg = Debug|Any CPU
		{7D4A4C1B-578E-4388-A541-B9BD3C9ACAA3}.DVD-5|Any CPU.Build.0 = Debug|Any CPU
		{7D4A4C1B-578E-4388-A541-B9BD3C9ACAA3}.Release|Any CPU.ActiveCfg = Release|Any CPU
		{7D4A4C1B-578E-4388-A541-B9BD3C9ACAA3}.Release|Any CPU.Build.0 = Release|Any CPU
		{7D4A4C1B-578E-4388-A541-B9BD3C9ACAA3}.SingleImage|Any CPU.ActiveCfg = Release|Any CPU
		{7D4A4C1B-578E-4388-A541-B9BD3C9ACAA3}.SingleImage|Any CPU.Build.0 = Release|Any CPU
		{800BE395-BBD6-4239-9ABE-7710EB7454EC}.CD_ROM|Any CPU.ActiveCfg = Release|Any CPU
		{800BE395-BBD6-4239-9ABE-7710EB7454EC}.CD_ROM|Any CPU.Build.0 = Release|Any CPU
		{800BE395-BBD6-4239-9ABE-7710EB7454EC}.Debug|Any CPU.ActiveCfg = Debug|Any CPU
		{800BE395-BBD6-4239-9ABE-7710EB7454EC}.Debug|Any CPU.Build.0 = Debug|Any CPU
		{800BE395-BBD6-4239-9ABE-7710EB7454EC}.DVD-5|Any CPU.ActiveCfg = Debug|Any CPU
		{800BE395-BBD6-4239-9ABE-7710EB7454EC}.DVD-5|Any CPU.Build.0 = Debug|Any CPU
		{800BE395-BBD6-4239-9ABE-7710EB7454EC}.Release|Any CPU.ActiveCfg = Release|Any CPU
		{800BE395-BBD6-4239-9ABE-7710EB7454EC}.Release|Any CPU.Build.0 = Release|Any CPU
		{800BE395-BBD6-4239-9ABE-7710EB7454EC}.SingleImage|Any CPU.ActiveCfg = Release|Any CPU
		{800BE395-BBD6-4239-9ABE-7710EB7454EC}.SingleImage|Any CPU.Build.0 = Release|Any CPU
		{C303DC80-53AE-4ADF-8901-333E811D4A12}.CD_ROM|Any CPU.ActiveCfg = Release|Any CPU
		{C303DC80-53AE-4ADF-8901-333E811D4A12}.CD_ROM|Any CPU.Build.0 = Release|Any CPU
		{C303DC80-53AE-4ADF-8901-333E811D4A12}.Debug|Any CPU.ActiveCfg = Debug|Any CPU
		{C303DC80-53AE-4ADF-8901-333E811D4A12}.Debug|Any CPU.Build.0 = Debug|Any CPU
		{C303DC80-53AE-4ADF-8901-333E811D4A12}.DVD-5|Any CPU.ActiveCfg = Debug|Any CPU
		{C303DC80-53AE-4ADF-8901-333E811D4A12}.DVD-5|Any CPU.Build.0 = Debug|Any CPU
		{C303DC80-53AE-4ADF-8901-333E811D4A12}.Release|Any CPU.ActiveCfg = Release|Any CPU
		{C303DC80-53AE-4ADF-8901-333E811D4A12}.Release|Any CPU.Build.0 = Release|Any CPU
		{C303DC80-53AE-4ADF-8901-333E811D4A12}.SingleImage|Any CPU.ActiveCfg = Release|Any CPU
		{C303DC80-53AE-4ADF-8901-333E811D4A12}.SingleImage|Any CPU.Build.0 = Release|Any CPU
		{8FE2ABCE-E585-4FF3-9DE3-2CD76FD7EACB}.CD_ROM|Any CPU.ActiveCfg = Release|Any CPU
		{8FE2ABCE-E585-4FF3-9DE3-2CD76FD7EACB}.CD_ROM|Any CPU.Build.0 = Release|Any CPU
		{8FE2ABCE-E585-4FF3-9DE3-2CD76FD7EACB}.Debug|Any CPU.ActiveCfg = Debug|Any CPU
		{8FE2ABCE-E585-4FF3-9DE3-2CD76FD7EACB}.Debug|Any CPU.Build.0 = Debug|Any CPU
		{8FE2ABCE-E585-4FF3-9DE3-2CD76FD7EACB}.DVD-5|Any CPU.ActiveCfg = Debug|Any CPU
		{8FE2ABCE-E585-4FF3-9DE3-2CD76FD7EACB}.DVD-5|Any CPU.Build.0 = Debug|Any CPU
		{8FE2ABCE-E585-4FF3-9DE3-2CD76FD7EACB}.Release|Any CPU.ActiveCfg = Release|Any CPU
		{8FE2ABCE-E585-4FF3-9DE3-2CD76FD7EACB}.Release|Any CPU.Build.0 = Release|Any CPU
		{8FE2ABCE-E585-4FF3-9DE3-2CD76FD7EACB}.SingleImage|Any CPU.ActiveCfg = Release|Any CPU
		{8FE2ABCE-E585-4FF3-9DE3-2CD76FD7EACB}.SingleImage|Any CPU.Build.0 = Release|Any CPU
		{847803E8-062E-4B81-9534-0FAC2253BF79}.CD_ROM|Any CPU.ActiveCfg = Release|Any CPU
		{847803E8-062E-4B81-9534-0FAC2253BF79}.CD_ROM|Any CPU.Build.0 = Release|Any CPU
		{847803E8-062E-4B81-9534-0FAC2253BF79}.CD_ROM|Any CPU.Deploy.0 = Release|Any CPU
		{847803E8-062E-4B81-9534-0FAC2253BF79}.Debug|Any CPU.ActiveCfg = Debug|Any CPU
		{847803E8-062E-4B81-9534-0FAC2253BF79}.Debug|Any CPU.Build.0 = Debug|Any CPU
		{847803E8-062E-4B81-9534-0FAC2253BF79}.Debug|Any CPU.Deploy.0 = Debug|Any CPU
		{847803E8-062E-4B81-9534-0FAC2253BF79}.DVD-5|Any CPU.ActiveCfg = Debug|Any CPU
		{847803E8-062E-4B81-9534-0FAC2253BF79}.DVD-5|Any CPU.Build.0 = Debug|Any CPU
		{847803E8-062E-4B81-9534-0FAC2253BF79}.DVD-5|Any CPU.Deploy.0 = Debug|Any CPU
		{847803E8-062E-4B81-9534-0FAC2253BF79}.Release|Any CPU.ActiveCfg = Release|Any CPU
		{847803E8-062E-4B81-9534-0FAC2253BF79}.Release|Any CPU.Build.0 = Release|Any CPU
		{847803E8-062E-4B81-9534-0FAC2253BF79}.Release|Any CPU.Deploy.0 = Release|Any CPU
		{847803E8-062E-4B81-9534-0FAC2253BF79}.SingleImage|Any CPU.ActiveCfg = Release|Any CPU
		{847803E8-062E-4B81-9534-0FAC2253BF79}.SingleImage|Any CPU.Build.0 = Release|Any CPU
		{847803E8-062E-4B81-9534-0FAC2253BF79}.SingleImage|Any CPU.Deploy.0 = Release|Any CPU
		{D2590CD0-AEEC-47B3-A23D-4BA3E31EC0CA}.CD_ROM|Any CPU.ActiveCfg = Release|Any CPU
		{D2590CD0-AEEC-47B3-A23D-4BA3E31EC0CA}.CD_ROM|Any CPU.Build.0 = Release|Any CPU
		{D2590CD0-AEEC-47B3-A23D-4BA3E31EC0CA}.Debug|Any CPU.ActiveCfg = Debug|Any CPU
		{D2590CD0-AEEC-47B3-A23D-4BA3E31EC0CA}.Debug|Any CPU.Build.0 = Debug|Any CPU
		{D2590CD0-AEEC-47B3-A23D-4BA3E31EC0CA}.DVD-5|Any CPU.ActiveCfg = Debug|Any CPU
		{D2590CD0-AEEC-47B3-A23D-4BA3E31EC0CA}.DVD-5|Any CPU.Build.0 = Debug|Any CPU
		{D2590CD0-AEEC-47B3-A23D-4BA3E31EC0CA}.Release|Any CPU.ActiveCfg = Release|Any CPU
		{D2590CD0-AEEC-47B3-A23D-4BA3E31EC0CA}.Release|Any CPU.Build.0 = Release|Any CPU
		{D2590CD0-AEEC-47B3-A23D-4BA3E31EC0CA}.SingleImage|Any CPU.ActiveCfg = Release|Any CPU
		{D2590CD0-AEEC-47B3-A23D-4BA3E31EC0CA}.SingleImage|Any CPU.Build.0 = Release|Any CPU
		{14C59E87-0B5D-4615-8CB0-965176159690}.CD_ROM|Any CPU.ActiveCfg = Release|Any CPU
		{14C59E87-0B5D-4615-8CB0-965176159690}.CD_ROM|Any CPU.Build.0 = Release|Any CPU
		{14C59E87-0B5D-4615-8CB0-965176159690}.Debug|Any CPU.ActiveCfg = Debug|Any CPU
		{14C59E87-0B5D-4615-8CB0-965176159690}.Debug|Any CPU.Build.0 = Debug|Any CPU
		{14C59E87-0B5D-4615-8CB0-965176159690}.DVD-5|Any CPU.ActiveCfg = Debug|Any CPU
		{14C59E87-0B5D-4615-8CB0-965176159690}.DVD-5|Any CPU.Build.0 = Debug|Any CPU
		{14C59E87-0B5D-4615-8CB0-965176159690}.Release|Any CPU.ActiveCfg = Release|Any CPU
		{14C59E87-0B5D-4615-8CB0-965176159690}.Release|Any CPU.Build.0 = Release|Any CPU
		{14C59E87-0B5D-4615-8CB0-965176159690}.SingleImage|Any CPU.ActiveCfg = Release|Any CPU
		{14C59E87-0B5D-4615-8CB0-965176159690}.SingleImage|Any CPU.Build.0 = Release|Any CPU
	EndGlobalSection
	GlobalSection(SolutionProperties) = preSolution
		HideSolutionNode = FALSE
	EndGlobalSection
	GlobalSection(NestedProjects) = preSolution
		{BA58994C-BE1D-4FD2-A756-833102A69E82} = {E86A7146-A49A-4E95-B49C-4D8E6F03A196}
		{7D4A4C1B-578E-4388-A541-B9BD3C9ACAA3} = {E86A7146-A49A-4E95-B49C-4D8E6F03A196}
		{800BE395-BBD6-4239-9ABE-7710EB7454EC} = {E86A7146-A49A-4E95-B49C-4D8E6F03A196}
		{C303DC80-53AE-4ADF-8901-333E811D4A12} = {D40D391D-12BC-40B0-9393-076930FDA1C1}
		{8FE2ABCE-E585-4FF3-9DE3-2CD76FD7EACB} = {E86A7146-A49A-4E95-B49C-4D8E6F03A196}
		{847803E8-062E-4B81-9534-0FAC2253BF79} = {E86A7146-A49A-4E95-B49C-4D8E6F03A196}
		{D2590CD0-AEEC-47B3-A23D-4BA3E31EC0CA} = {E86A7146-A49A-4E95-B49C-4D8E6F03A196}
	EndGlobalSection
EndGlobal
